<Solution>
  <Project Path="src/RedarborStore.Api/RedarborStore.Api.csproj" />
  <Project Path="src/RedarborStore.Application/RedarborStore.Application.csproj" />
  <Project Path="tests/RedarborStore.Domain.Tests/RedarborStore.Domain.Tests.csproj" />
  <Project Path="src/RedarborStore.Domain/RedarborStore.Domain.csproj" />
  <Project Path="src/RedarborStore.Infrastructure/RedarborStore.Infrastructure.csproj" />
  <Project Path="tests/RedarborStore.Application.Tests/RedarborStore.Application.Tests.csproj" />

</Solution>
