<Solution>
  <Project Path="RedarborStore.Api/RedarborStore.Api.csproj" />
  <Project Path="RedarborStore.Application/RedarborStore.Application.csproj" />
  <Project Path="RedarborStore.Domain.Tests/RedarborStore.Domain.Tests.csproj" />
  <Project Path="RedarborStore.Domain/RedarborStore.Domain.csproj" />
  <Project Path="RedarborStore.Infrastructure/RedarborStore.Infrastructure.csproj" />
</Solution>
